
Microsoft Visual Studio Solution File, Format Version 12.00
# Visual Studio Version 16
VisualStudioVersion = 16.0.31105.61
MinimumVisualStudioVersion = 10.0.40219.1
Project("{FAE04EC0-301F-11D3-BF4B-00C04F79EFBC}") = "back-end", "back-end\back-end.csproj", "{415D5F6C-D132-4C70-A6BB-5D883E1BB92F}"
EndProject
Global
	GlobalSection(SolutionConfigurationPlatforms) = preSolution
		Debug|Any CPU = Debug|Any CPU
		Release|Any CPU = Release|Any CPU
	EndGlobalSection
	GlobalSection(ProjectConfigurationPlatforms) = postSolution
		{415D5F6C-D132-4C70-A6BB-5D883E1BB92F}.Debug|Any CPU.ActiveCfg = Debug|Any CPU
		{415D5F6C-D132-4C70-A6BB-5D883E1BB92F}.Debug|Any CPU.Build.0 = Debug|Any CPU
		{415D5F6C-D132-4C70-A6BB-5D883E1BB92F}.Release|Any CPU.ActiveCfg = Release|Any CPU
		{415D5F6C-D132-4C70-A6BB-5D883E1BB92F}.Release|Any CPU.Build.0 = Release|Any CPU
	EndGlobalSection
	GlobalSection(SolutionProperties) = preSolution
		HideSolutionNode = FALSE
	EndGlobalSection
	GlobalSection(ExtensibilityGlobals) = postSolution
		SolutionGuid = {6FDAAD6E-CB58-4F72-A4A6-3E9A839A180E}
	EndGlobalSection
EndGlobal
